
Microsoft Visual Studio Solution File, Format Version 12.00
# Visual Studio Version 17
VisualStudioVersion = 17.8.34525.116
MinimumVisualStudioVersion = 10.0.40219.1
Project("{FAE04EC0-301F-11D3-BF4B-00C04F79EFBC}") = "Swapping number", "Swapping number\Swapping number.csproj", "{EC19C6DA-BFD4-476A-8E02-74C01E01745B}"
EndProject
Global
	GlobalSection(SolutionConfigurationPlatforms) = preSolution
		Debug|Any CPU = Debug|Any CPU
		Release|Any CPU = Release|Any CPU
	EndGlobalSection
	GlobalSection(ProjectConfigurationPlatforms) = postSolution
		{EC19C6DA-BFD4-476A-8E02-74C01E01745B}.Debug|Any CPU.ActiveCfg = Debug|Any CPU
		{EC19C6DA-BFD4-476A-8E02-74C01E01745B}.Debug|Any CPU.Build.0 = Debug|Any CPU
		{EC19C6DA-BFD4-476A-8E02-74C01E01745B}.Release|Any CPU.ActiveCfg = Release|Any CPU
		{EC19C6DA-BFD4-476A-8E02-74C01E01745B}.Release|Any CPU.Build.0 = Release|Any CPU
	EndGlobalSection
	GlobalSection(SolutionProperties) = preSolution
		HideSolutionNode = FALSE
	EndGlobalSection
	GlobalSection(ExtensibilityGlobals) = postSolution
		SolutionGuid = {44A61871-210C-466E-A3CE-D33B886B373A}
	EndGlobalSection
EndGlobal
